Microsoft Visual Studio Solution File, Format Version 12.00
# Visual Studio Version 17
VisualStudioVersion = 17.5.2.0
MinimumVisualStudioVersion = 10.0.40219.1
Project("{FAE04EC0-301F-11D3-BF4B-00C04F79EFBC}") = "KeyOverlayFPS", "src\KeyOverlayFPS.csproj", "{A4526CD6-75DF-AEAF-C6B4-22964847B1AB}"
EndProject
Project("{FAE04EC0-301F-11D3-BF4B-00C04F79EFBC}") = "KeyOverlayFPS.Tests", "tests\KeyOverlayFPS.Tests.csproj", "{64AE7D47-7674-4728-C63B-DFB374386DCE}"
EndProject
Global
	GlobalSection(SolutionConfigurationPlatforms) = preSolution
		Debug|Any CPU = Debug|Any CPU
		Release|Any CPU = Release|Any CPU
	EndGlobalSection
	GlobalSection(ProjectConfigurationPlatforms) = postSolution
		{A4526CD6-75DF-AEAF-C6B4-22964847B1AB}.Debug|Any CPU.ActiveCfg = Debug|Any CPU
		{A4526CD6-75DF-AEAF-C6B4-22964847B1AB}.Debug|Any CPU.Build.0 = Debug|Any CPU
		{A4526CD6-75DF-AEAF-C6B4-22964847B1AB}.Release|Any CPU.ActiveCfg = Release|Any CPU
		{A4526CD6-75DF-AEAF-C6B4-22964847B1AB}.Release|Any CPU.Build.0 = Release|Any CPU
		{64AE7D47-7674-4728-C63B-DFB374386DCE}.Debug|Any CPU.ActiveCfg = Debug|Any CPU
		{64AE7D47-7674-4728-C63B-DFB374386DCE}.Debug|Any CPU.Build.0 = Debug|Any CPU
		{64AE7D47-7674-4728-C63B-DFB374386DCE}.Release|Any CPU.ActiveCfg = Release|Any CPU
		{64AE7D47-7674-4728-C63B-DFB374386DCE}.Release|Any CPU.Build.0 = Release|Any CPU
	EndGlobalSection
	GlobalSection(SolutionProperties) = preSolution
		HideSolutionNode = FALSE
	EndGlobalSection
	GlobalSection(ExtensibilityGlobals) = postSolution
		SolutionGuid = {119154A0-E010-4EBE-9092-80340188632A}
	EndGlobalSection
EndGlobal
